
Microsoft Visual Studio Solution File, Format Version 12.00
# Visual Studio 2013
VisualStudioVersion = 12.0.30723.0
MinimumVisualStudioVersion = 10.0.40219.1
Project("{FAE04EC0-301F-11D3-BF4B-00C04F79EFBC}") = "ProjectLogForms", "ProjectLogForms\ProjectLogForms\ProjectLogForms.csproj", "{D9EAED9C-9049-4490-BCDB-36701CA00732}"
EndProject
Project("{FAE04EC0-301F-11D3-BF4B-00C04F79EFBC}") = "ProjectLogForms.iOS", "ProjectLogForms\ProjectLogForms.iOS\ProjectLogForms.iOS.csproj", "{E134F3A2-9274-4617-A10D-B20181B9526C}"
EndProject
Project("{FAE04EC0-301F-11D3-BF4B-00C04F79EFBC}") = "ProjectLogForms.Android", "ProjectLogForms\ProjectLogForms.Android\ProjectLogForms.Android.csproj", "{8D03944D-7E9C-43C0-8593-882A7D2AD4C7}"
EndProject
Project("{FAE04EC0-301F-11D3-BF4B-00C04F79EFBC}") = "ProjectLogForms.WinPhone", "ProjectLogForms\ProjectLogForms.WinPhone\ProjectLogForms.WinPhone.csproj", "{67954EF4-C96F-455B-9C3F-40D1002EC190}"
EndProject
Global
	GlobalSection(SolutionConfigurationPlatforms) = preSolution
		Ad-Hoc|Any CPU = Ad-Hoc|Any CPU
		Ad-Hoc|ARM = Ad-Hoc|ARM
		Ad-Hoc|iPhone = Ad-Hoc|iPhone
		Ad-Hoc|iPhoneSimulator = Ad-Hoc|iPhoneSimulator
		Ad-Hoc|Mixed Platforms = Ad-Hoc|Mixed Platforms
		Ad-Hoc|x86 = Ad-Hoc|x86
		AppStore|Any CPU = AppStore|Any CPU
		AppStore|ARM = AppStore|ARM
		AppStore|iPhone = AppStore|iPhone
		AppStore|iPhoneSimulator = AppStore|iPhoneSimulator
		AppStore|Mixed Platforms = AppStore|Mixed Platforms
		AppStore|x86 = AppStore|x86
		Debug|Any CPU = Debug|Any CPU
		Debug|ARM = Debug|ARM
		Debug|iPhone = Debug|iPhone
		Debug|iPhoneSimulator = Debug|iPhoneSimulator
		Debug|Mixed Platforms = Debug|Mixed Platforms
		Debug|x86 = Debug|x86
		Release|Any CPU = Release|Any CPU
		Release|ARM = Release|ARM
		Release|iPhone = Release|iPhone
		Release|iPhoneSimulator = Release|iPhoneSimulator
		Release|Mixed Platforms = Release|Mixed Platforms
		Release|x86 = Release|x86
	EndGlobalSection
	GlobalSection(ProjectConfigurationPlatforms) = postSolution
		{D9EAED9C-9049-4490-BCDB-36701CA00732}.Ad-Hoc|Any CPU.ActiveCfg = Release|Any CPU
		{D9EAED9C-9049-4490-BCDB-36701CA00732}.Ad-Hoc|Any CPU.Build.0 = Release|Any CPU
		{D9EAED9C-9049-4490-BCDB-36701CA00732}.Ad-Hoc|ARM.ActiveCfg = Release|Any CPU
		{D9EAED9C-9049-4490-BCDB-36701CA00732}.Ad-Hoc|iPhone.ActiveCfg = Release|Any CPU
		{D9EAED9C-9049-4490-BCDB-36701CA00732}.Ad-Hoc|iPhoneSimulator.ActiveCfg = Release|Any CPU
		{D9EAED9C-9049-4490-BCDB-36701CA00732}.Ad-Hoc|Mixed Platforms.ActiveCfg = Release|Any CPU
		{D9EAED9C-9049-4490-BCDB-36701CA00732}.Ad-Hoc|Mixed Platforms.Build.0 = Release|Any CPU
		{D9EAED9C-9049-4490-BCDB-36701CA00732}.Ad-Hoc|x86.ActiveCfg = Release|Any CPU
		{D9EAED9C-9049-4490-BCDB-36701CA00732}.AppStore|Any CPU.ActiveCfg = Release|Any CPU
		{D9EAED9C-9049-4490-BCDB-36701CA00732}.AppStore|Any CPU.Build.0 = Release|Any CPU
		{D9EAED9C-9049-4490-BCDB-36701CA00732}.AppStore|ARM.ActiveCfg = Release|Any CPU
		{D9EAED9C-9049-4490-BCDB-36701CA00732}.AppStore|iPhone.ActiveCfg = Release|Any CPU
		{D9EAED9C-9049-4490-BCDB-36701CA00732}.AppStore|iPhoneSimulator.ActiveCfg = Release|Any CPU
		{D9EAED9C-9049-4490-BCDB-36701CA00732}.AppStore|Mixed Platforms.ActiveCfg = Release|Any CPU
		{D9EAED9C-9049-4490-BCDB-36701CA00732}.AppStore|Mixed Platforms.Build.0 = Release|Any CPU
		{D9EAED9C-9049-4490-BCDB-36701CA00732}.AppStore|x86.ActiveCfg = Release|Any CPU
		{D9EAED9C-9049-4490-BCDB-36701CA00732}.Debug|Any CPU.ActiveCfg = Debug|Any CPU
		{D9EAED9C-9049-4490-BCDB-36701CA00732}.Debug|Any CPU.Build.0 = Debug|Any CPU
		{D9EAED9C-9049-4490-BCDB-36701CA00732}.Debug|ARM.ActiveCfg = Debug|Any CPU
		{D9EAED9C-9049-4490-BCDB-36701CA00732}.Debug|iPhone.ActiveCfg = Debug|Any CPU
		{D9EAED9C-9049-4490-BCDB-36701CA00732}.Debug|iPhoneSimulator.ActiveCfg = Debug|Any CPU
		{D9EAED9C-9049-4490-BCDB-36701CA00732}.Debug|Mixed Platforms.ActiveCfg = Debug|Any CPU
		{D9EAED9C-9049-4490-BCDB-36701CA00732}.Debug|Mixed Platforms.Build.0 = Debug|Any CPU
		{D9EAED9C-9049-4490-BCDB-36701CA00732}.Debug|x86.ActiveCfg = Debug|Any CPU
		{D9EAED9C-9049-4490-BCDB-36701CA00732}.Release|Any CPU.ActiveCfg = Release|Any CPU
		{D9EAED9C-9049-4490-BCDB-36701CA00732}.Release|Any CPU.Build.0 = Release|Any CPU
		{D9EAED9C-9049-4490-BCDB-36701CA00732}.Release|ARM.ActiveCfg = Release|Any CPU
		{D9EAED9C-9049-4490-BCDB-36701CA00732}.Release|iPhone.ActiveCfg = Release|Any CPU
		{D9EAED9C-9049-4490-BCDB-36701CA00732}.Release|iPhoneSimulator.ActiveCfg = Release|Any CPU
		{D9EAED9C-9049-4490-BCDB-36701CA00732}.Release|Mixed Platforms.ActiveCfg = Release|Any CPU
		{D9EAED9C-9049-4490-BCDB-36701CA00732}.Release|Mixed Platforms.Build.0 = Release|Any CPU
		{D9EAED9C-9049-4490-BCDB-36701CA00732}.Release|x86.ActiveCfg = Release|Any CPU
		{E134F3A2-9274-4617-A10D-B20181B9526C}.Ad-Hoc|Any CPU.ActiveCfg = Ad-Hoc|iPhone
		{E134F3A2-9274-4617-A10D-B20181B9526C}.Ad-Hoc|ARM.ActiveCfg = Ad-Hoc|iPhone
		{E134F3A2-9274-4617-A10D-B20181B9526C}.Ad-Hoc|iPhone.ActiveCfg = Ad-Hoc|iPhone
		{E134F3A2-9274-4617-A10D-B20181B9526C}.Ad-Hoc|iPhone.Build.0 = Ad-Hoc|iPhone
		{E134F3A2-9274-4617-A10D-B20181B9526C}.Ad-Hoc|iPhoneSimulator.ActiveCfg = Ad-Hoc|iPhoneSimulator
		{E134F3A2-9274-4617-A10D-B20181B9526C}.Ad-Hoc|iPhoneSimulator.Build.0 = Ad-Hoc|iPhoneSimulator
		{E134F3A2-9274-4617-A10D-B20181B9526C}.Ad-Hoc|Mixed Platforms.ActiveCfg = Ad-Hoc|iPhone
		{E134F3A2-9274-4617-A10D-B20181B9526C}.Ad-Hoc|Mixed Platforms.Build.0 = Ad-Hoc|iPhone
		{E134F3A2-9274-4617-A10D-B20181B9526C}.Ad-Hoc|x86.ActiveCfg = Ad-Hoc|iPhone
		{E134F3A2-9274-4617-A10D-B20181B9526C}.AppStore|Any CPU.ActiveCfg = AppStore|iPhone
		{E134F3A2-9274-4617-A10D-B20181B9526C}.AppStore|ARM.ActiveCfg = AppStore|iPhone
		{E134F3A2-9274-4617-A10D-B20181B9526C}.AppStore|iPhone.ActiveCfg = AppStore|iPhone
		{E134F3A2-9274-4617-A10D-B20181B9526C}.AppStore|iPhone.Build.0 = AppStore|iPhone
		{E134F3A2-9274-4617-A10D-B20181B9526C}.AppStore|iPhoneSimulator.ActiveCfg = AppStore|iPhoneSimulator
		{E134F3A2-9274-4617-A10D-B20181B9526C}.AppStore|iPhoneSimulator.Build.0 = AppStore|iPhoneSimulator
		{E134F3A2-9274-4617-A10D-B20181B9526C}.AppStore|Mixed Platforms.ActiveCfg = AppStore|iPhone
		{E134F3A2-9274-4617-A10D-B20181B9526C}.AppStore|Mixed Platforms.Build.0 = AppStore|iPhone
		{E134F3A2-9274-4617-A10D-B20181B9526C}.AppStore|x86.ActiveCfg = AppStore|iPhone
		{E134F3A2-9274-4617-A10D-B20181B9526C}.Debug|Any CPU.ActiveCfg = Debug|iPhone
		{E134F3A2-9274-4617-A10D-B20181B9526C}.Debug|ARM.ActiveCfg = Debug|iPhone
		{E134F3A2-9274-4617-A10D-B20181B9526C}.Debug|iPhone.ActiveCfg = Debug|iPhone
		{E134F3A2-9274-4617-A10D-B20181B9526C}.Debug|iPhone.Build.0 = Debug|iPhone
		{E134F3A2-9274-4617-A10D-B20181B9526C}.Debug|iPhoneSimulator.ActiveCfg = Debug|iPhoneSimulator
		{E134F3A2-9274-4617-A10D-B20181B9526C}.Debug|iPhoneSimulator.Build.0 = Debug|iPhoneSimulator
		{E134F3A2-9274-4617-A10D-B20181B9526C}.Debug|Mixed Platforms.ActiveCfg = Debug|iPhone
		{E134F3A2-9274-4617-A10D-B20181B9526C}.Debug|Mixed Platforms.Build.0 = Debug|iPhone
		{E134F3A2-9274-4617-A10D-B20181B9526C}.Debug|x86.ActiveCfg = Debug|iPhone
		{E134F3A2-9274-4617-A10D-B20181B9526C}.Release|Any CPU.ActiveCfg = Release|iPhone
		{E134F3A2-9274-4617-A10D-B20181B9526C}.Release|ARM.ActiveCfg = Release|iPhone
		{E134F3A2-9274-4617-A10D-B20181B9526C}.Release|iPhone.ActiveCfg = Release|iPhone
		{E134F3A2-9274-4617-A10D-B20181B9526C}.Release|iPhone.Build.0 = Release|iPhone
		{E134F3A2-9274-4617-A10D-B20181B9526C}.Release|iPhoneSimulator.ActiveCfg = Release|iPhoneSimulator
		{E134F3A2-9274-4617-A10D-B20181B9526C}.Release|iPhoneSimulator.Build.0 = Release|iPhoneSimulator
		{E134F3A2-9274-4617-A10D-B20181B9526C}.Release|Mixed Platforms.ActiveCfg = Release|iPhone
		{E134F3A2-9274-4617-A10D-B20181B9526C}.Release|Mixed Platforms.Build.0 = Release|iPhone
		{E134F3A2-9274-4617-A10D-B20181B9526C}.Release|x86.ActiveCfg = Release|iPhone
		{8D03944D-7E9C-43C0-8593-882A7D2AD4C7}.Ad-Hoc|Any CPU.ActiveCfg = Release|Any CPU
		{8D03944D-7E9C-43C0-8593-882A7D2AD4C7}.Ad-Hoc|Any CPU.Build.0 = Release|Any CPU
		{8D03944D-7E9C-43C0-8593-882A7D2AD4C7}.Ad-Hoc|Any CPU.Deploy.0 = Release|Any CPU
		{8D03944D-7E9C-43C0-8593-882A7D2AD4C7}.Ad-Hoc|ARM.ActiveCfg = Release|Any CPU
		{8D03944D-7E9C-43C0-8593-882A7D2AD4C7}.Ad-Hoc|iPhone.ActiveCfg = Release|Any CPU
		{8D03944D-7E9C-43C0-8593-882A7D2AD4C7}.Ad-Hoc|iPhoneSimulator.ActiveCfg = Release|Any CPU
		{8D03944D-7E9C-43C0-8593-882A7D2AD4C7}.Ad-Hoc|Mixed Platforms.ActiveCfg = Release|Any CPU
		{8D03944D-7E9C-43C0-8593-882A7D2AD4C7}.Ad-Hoc|Mixed Platforms.Build.0 = Release|Any CPU
		{8D03944D-7E9C-43C0-8593-882A7D2AD4C7}.Ad-Hoc|Mixed Platforms.Deploy.0 = Release|Any CPU
		{8D03944D-7E9C-43C0-8593-882A7D2AD4C7}.Ad-Hoc|x86.ActiveCfg = Release|Any CPU
		{8D03944D-7E9C-43C0-8593-882A7D2AD4C7}.AppStore|Any CPU.ActiveCfg = Release|Any CPU
		{8D03944D-7E9C-43C0-8593-882A7D2AD4C7}.AppStore|Any CPU.Build.0 = Release|Any CPU
		{8D03944D-7E9C-43C0-8593-882A7D2AD4C7}.AppStore|Any CPU.Deploy.0 = Release|Any CPU
		{8D03944D-7E9C-43C0-8593-882A7D2AD4C7}.AppStore|ARM.ActiveCfg = Release|Any CPU
		{8D03944D-7E9C-43C0-8593-882A7D2AD4C7}.AppStore|iPhone.ActiveCfg = Release|Any CPU
		{8D03944D-7E9C-43C0-8593-882A7D2AD4C7}.AppStore|iPhoneSimulator.ActiveCfg = Release|Any CPU
		{8D03944D-7E9C-43C0-8593-882A7D2AD4C7}.AppStore|Mixed Platforms.ActiveCfg = Release|Any CPU
		{8D03944D-7E9C-43C0-8593-882A7D2AD4C7}.AppStore|Mixed Platforms.Build.0 = Release|Any CPU
		{8D03944D-7E9C-43C0-8593-882A7D2AD4C7}.AppStore|Mixed Platforms.Deploy.0 = Release|Any CPU
		{8D03944D-7E9C-43C0-8593-882A7D2AD4C7}.AppStore|x86.ActiveCfg = Release|Any CPU
		{8D03944D-7E9C-43C0-8593-882A7D2AD4C7}.Debug|Any CPU.ActiveCfg = Debug|Any CPU
		{8D03944D-7E9C-43C0-8593-882A7D2AD4C7}.Debug|Any CPU.Build.0 = Debug|Any CPU
		{8D03944D-7E9C-43C0-8593-882A7D2AD4C7}.Debug|Any CPU.Deploy.0 = Debug|Any CPU
		{8D03944D-7E9C-43C0-8593-882A7D2AD4C7}.Debug|ARM.ActiveCfg = Debug|Any CPU
		{8D03944D-7E9C-43C0-8593-882A7D2AD4C7}.Debug|iPhone.ActiveCfg = Debug|Any CPU
		{8D03944D-7E9C-43C0-8593-882A7D2AD4C7}.Debug|iPhoneSimulator.ActiveCfg = Debug|Any CPU
		{8D03944D-7E9C-43C0-8593-882A7D2AD4C7}.Debug|Mixed Platforms.ActiveCfg = Debug|Any CPU
		{8D03944D-7E9C-43C0-8593-882A7D2AD4C7}.Debug|Mixed Platforms.Build.0 = Debug|Any CPU
		{8D03944D-7E9C-43C0-8593-882A7D2AD4C7}.Debug|Mixed Platforms.Deploy.0 = Debug|Any CPU
		{8D03944D-7E9C-43C0-8593-882A7D2AD4C7}.Debug|x86.ActiveCfg = Debug|Any CPU
		{8D03944D-7E9C-43C0-8593-882A7D2AD4C7}.Release|Any CPU.ActiveCfg = Release|Any CPU
		{8D03944D-7E9C-43C0-8593-882A7D2AD4C7}.Release|Any CPU.Build.0 = Release|Any CPU
		{8D03944D-7E9C-43C0-8593-882A7D2AD4C7}.Release|Any CPU.Deploy.0 = Release|Any CPU
		{8D03944D-7E9C-43C0-8593-882A7D2AD4C7}.Release|ARM.ActiveCfg = Release|Any CPU
		{8D03944D-7E9C-43C0-8593-882A7D2AD4C7}.Release|iPhone.ActiveCfg = Release|Any CPU
		{8D03944D-7E9C-43C0-8593-882A7D2AD4C7}.Release|iPhoneSimulator.ActiveCfg = Release|Any CPU
		{8D03944D-7E9C-43C0-8593-882A7D2AD4C7}.Release|Mixed Platforms.ActiveCfg = Release|Any CPU
		{8D03944D-7E9C-43C0-8593-882A7D2AD4C7}.Release|Mixed Platforms.Build.0 = Release|Any CPU
		{8D03944D-7E9C-43C0-8593-882A7D2AD4C7}.Release|Mixed Platforms.Deploy.0 = Release|Any CPU
		{8D03944D-7E9C-43C0-8593-882A7D2AD4C7}.Release|x86.ActiveCfg = Release|Any CPU
		{67954EF4-C96F-455B-9C3F-40D1002EC190}.Ad-Hoc|Any CPU.ActiveCfg = Release|Any CPU
		{67954EF4-C96F-455B-9C3F-40D1002EC190}.Ad-Hoc|Any CPU.Build.0 = Release|Any CPU
		{67954EF4-C96F-455B-9C3F-40D1002EC190}.Ad-Hoc|Any CPU.Deploy.0 = Release|Any CPU
		{67954EF4-C96F-455B-9C3F-40D1002EC190}.Ad-Hoc|ARM.ActiveCfg = Release|ARM
		{67954EF4-C96F-455B-9C3F-40D1002EC190}.Ad-Hoc|ARM.Build.0 = Release|ARM
		{67954EF4-C96F-455B-9C3F-40D1002EC190}.Ad-Hoc|ARM.Deploy.0 = Release|ARM
		{67954EF4-C96F-455B-9C3F-40D1002EC190}.Ad-Hoc|iPhone.ActiveCfg = Release|Any CPU
		{67954EF4-C96F-455B-9C3F-40D1002EC190}.Ad-Hoc|iPhoneSimulator.ActiveCfg = Release|Any CPU
		{67954EF4-C96F-455B-9C3F-40D1002EC190}.Ad-Hoc|Mixed Platforms.ActiveCfg = Release|x86
		{67954EF4-C96F-455B-9C3F-40D1002EC190}.Ad-Hoc|Mixed Platforms.Build.0 = Release|x86
		{67954EF4-C96F-455B-9C3F-40D1002EC190}.Ad-Hoc|Mixed Platforms.Deploy.0 = Release|x86
		{67954EF4-C96F-455B-9C3F-40D1002EC190}.Ad-Hoc|x86.ActiveCfg = Release|x86
		{67954EF4-C96F-455B-9C3F-40D1002EC190}.Ad-Hoc|x86.Build.0 = Release|x86
		{67954EF4-C96F-455B-9C3F-40D1002EC190}.Ad-Hoc|x86.Deploy.0 = Release|x86
		{67954EF4-C96F-455B-9C3F-40D1002EC190}.AppStore|Any CPU.ActiveCfg = Release|Any CPU
		{67954EF4-C96F-455B-9C3F-40D1002EC190}.AppStore|Any CPU.Build.0 = Release|Any CPU
		{67954EF4-C96F-455B-9C3F-40D1002EC190}.AppStore|Any CPU.Deploy.0 = Release|Any CPU
		{67954EF4-C96F-455B-9C3F-40D1002EC190}.AppStore|ARM.ActiveCfg = Release|ARM
		{67954EF4-C96F-455B-9C3F-40D1002EC190}.AppStore|ARM.Build.0 = Release|ARM
		{67954EF4-C96F-455B-9C3F-40D1002EC190}.AppStore|ARM.Deploy.0 = Release|ARM
		{67954EF4-C96F-455B-9C3F-40D1002EC190}.AppStore|iPhone.ActiveCfg = Release|Any CPU
		{67954EF4-C96F-455B-9C3F-40D1002EC190}.AppStore|iPhoneSimulator.ActiveCfg = Release|Any CPU
		{67954EF4-C96F-455B-9C3F-40D1002EC190}.AppStore|Mixed Platforms.ActiveCfg = Release|x86
		{67954EF4-C96F-455B-9C3F-40D1002EC190}.AppStore|Mixed Platforms.Build.0 = Release|x86
		{67954EF4-C96F-455B-9C3F-40D1002EC190}.AppStore|Mixed Platforms.Deploy.0 = Release|x86
		{67954EF4-C96F-455B-9C3F-40D1002EC190}.AppStore|x86.ActiveCfg = Release|x86
		{67954EF4-C96F-455B-9C3F-40D1002EC190}.AppStore|x86.Build.0 = Release|x86
		{67954EF4-C96F-455B-9C3F-40D1002EC190}.AppStore|x86.Deploy.0 = Release|x86
		{67954EF4-C96F-455B-9C3F-40D1002EC190}.Debug|Any CPU.ActiveCfg = Debug|Any CPU
		{67954EF4-C96F-455B-9C3F-40D1002EC190}.Debug|Any CPU.Build.0 = Debug|Any CPU
		{67954EF4-C96F-455B-9C3F-40D1002EC190}.Debug|Any CPU.Deploy.0 = Debug|Any CPU
		{67954EF4-C96F-455B-9C3F-40D1002EC190}.Debug|ARM.ActiveCfg = Debug|ARM
		{67954EF4-C96F-455B-9C3F-40D1002EC190}.Debug|ARM.Build.0 = Debug|ARM
		{67954EF4-C96F-455B-9C3F-40D1002EC190}.Debug|ARM.Deploy.0 = Debug|ARM
		{67954EF4-C96F-455B-9C3F-40D1002EC190}.Debug|iPhone.ActiveCfg = Debug|Any CPU
		{67954EF4-C96F-455B-9C3F-40D1002EC190}.Debug|iPhoneSimulator.ActiveCfg = Debug|Any CPU
		{67954EF4-C96F-455B-9C3F-40D1002EC190}.Debug|Mixed Platforms.ActiveCfg = Debug|x86
		{67954EF4-C96F-455B-9C3F-40D1002EC190}.Debug|Mixed Platforms.Build.0 = Debug|x86
		{67954EF4-C96F-455B-9C3F-40D1002EC190}.Debug|Mixed Platforms.Deploy.0 = Debug|x86
		{67954EF4-C96F-455B-9C3F-40D1002EC190}.Debug|x86.ActiveCfg = Debug|x86
		{67954EF4-C96F-455B-9C3F-40D1002EC190}.Debug|x86.Build.0 = Debug|x86
		{67954EF4-C96F-455B-9C3F-40D1002EC190}.Debug|x86.Deploy.0 = Debug|x86
		{67954EF4-C96F-455B-9C3F-40D1002EC190}.Release|Any CPU.ActiveCfg = Release|Any CPU
		{67954EF4-C96F-455B-9C3F-40D1002EC190}.Release|Any CPU.Build.0 = Release|Any CPU
		{67954EF4-C96F-455B-9C3F-40D1002EC190}.Release|Any CPU.Deploy.0 = Release|Any CPU
		{67954EF4-C96F-455B-9C3F-40D1002EC190}.Release|ARM.ActiveCfg = Release|ARM
		{67954EF4-C96F-455B-9C3F-40D1002EC190}.Release|ARM.Build.0 = Release|ARM
		{67954EF4-C96F-455B-9C3F-40D1002EC190}.Release|ARM.Deploy.0 = Release|ARM
		{67954EF4-C96F-455B-9C3F-40D1002EC190}.Release|iPhone.ActiveCfg = Release|Any CPU
		{67954EF4-C96F-455B-9C3F-40D1002EC190}.Release|iPhoneSimulator.ActiveCfg = Release|Any CPU
		{67954EF4-C96F-455B-9C3F-40D1002EC190}.Release|Mixed Platforms.ActiveCfg = Release|x86
		{67954EF4-C96F-455B-9C3F-40D1002EC190}.Release|Mixed Platforms.Build.0 = Release|x86
		{67954EF4-C96F-455B-9C3F-40D1002EC190}.Release|Mixed Platforms.Deploy.0 = Release|x86
		{67954EF4-C96F-455B-9C3F-40D1002EC190}.Release|x86.ActiveCfg = Release|x86
		{67954EF4-C96F-455B-9C3F-40D1002EC190}.Release|x86.Build.0 = Release|x86
		{67954EF4-C96F-455B-9C3F-40D1002EC190}.Release|x86.Deploy.0 = Release|x86
	EndGlobalSection
	GlobalSection(SolutionProperties) = preSolution
		HideSolutionNode = FALSE
	EndGlobalSection
EndGlobal
